
Microsoft Visual Studio Solution File, Format Version 12.00
# Visual Studio Version 17
VisualStudioVersion = 17.5.002.0
MinimumVisualStudioVersion = 10.0.40219.1
Project("{9A19103F-16F7-4668-BE54-9A1E7A4F7556}") = "desafio", "desafio.csproj", "{DE5C456B-7FE9-49A8-A629-6C9290F45ECF}"
EndProject
Global
	GlobalSection(SolutionConfigurationPlatforms) = preSolution
		Debug|Any CPU = Debug|Any CPU
		Release|Any CPU = Release|Any CPU
	EndGlobalSection
	GlobalSection(ProjectConfigurationPlatforms) = postSolution
		{DE5C456B-7FE9-49A8-A629-6C9290F45ECF}.Debug|Any CPU.ActiveCfg = Debug|Any CPU
		{DE5C456B-7FE9-49A8-A629-6C9290F45ECF}.Debug|Any CPU.Build.0 = Debug|Any CPU
		{DE5C456B-7FE9-49A8-A629-6C9290F45ECF}.Release|Any CPU.ActiveCfg = Release|Any CPU
		{DE5C456B-7FE9-49A8-A629-6C9290F45ECF}.Release|Any CPU.Build.0 = Release|Any CPU
	EndGlobalSection
	GlobalSection(SolutionProperties) = preSolution
		HideSolutionNode = FALSE
	EndGlobalSection
	GlobalSection(ExtensibilityGlobals) = postSolution
		SolutionGuid = {B219AF3B-0332-4C9F-93B0-05D3ADF5A805}
	EndGlobalSection
EndGlobal
